
Microsoft Visual Studio Solution File, Format Version 12.00
# Visual Studio Version 17
VisualStudioVersion = 17.9.34616.47
MinimumVisualStudioVersion = 10.0.40219.1
Project("{FAE04EC0-301F-11D3-BF4B-00C04F79EFBC}") = "Forms", "Forms\Forms.csproj", "{FCE9E3A2-C9A3-4C86-A118-B2477E4B30C8}"
EndProject
Global
	GlobalSection(SolutionConfigurationPlatforms) = preSolution
		Debug|Any CPU = Debug|Any CPU
		Release|Any CPU = Release|Any CPU
	EndGlobalSection
	GlobalSection(ProjectConfigurationPlatforms) = postSolution
		{FCE9E3A2-C9A3-4C86-A118-B2477E4B30C8}.Debug|Any CPU.ActiveCfg = Debug|Any CPU
		{FCE9E3A2-C9A3-4C86-A118-B2477E4B30C8}.Debug|Any CPU.Build.0 = Debug|Any CPU
		{FCE9E3A2-C9A3-4C86-A118-B2477E4B30C8}.Release|Any CPU.ActiveCfg = Release|Any CPU
		{FCE9E3A2-C9A3-4C86-A118-B2477E4B30C8}.Release|Any CPU.Build.0 = Release|Any CPU
	EndGlobalSection
	GlobalSection(SolutionProperties) = preSolution
		HideSolutionNode = FALSE
	EndGlobalSection
	GlobalSection(ExtensibilityGlobals) = postSolution
		SolutionGuid = {6330B76B-532E-4565-A909-D48E9CFFB5EE}
	EndGlobalSection
EndGlobal
